
Microsoft Visual Studio Solution File, Format Version 12.00
# Visual Studio 15
VisualStudioVersion = 15.0.28010.2003
MinimumVisualStudioVersion = 10.0.40219.1
Project("{FAE04EC0-301F-11D3-BF4B-00C04F79EFBC}") = "Arithmetics", "Arithmetics\Arithmetics.csproj", "{36C4A19C-8CD3-4455-A2CA-011FF559D195}"
EndProject
Project("{FAE04EC0-301F-11D3-BF4B-00C04F79EFBC}") = "AdditionAndSubtraction", "AdditionAndSubtraction\AdditionAndSubtraction.csproj", "{8B589B89-3985-4E77-B05E-6B5173CC8554}"
EndProject
Global
	GlobalSection(SolutionConfigurationPlatforms) = preSolution
		Debug|Any CPU = Debug|Any CPU
		Release|Any CPU = Release|Any CPU
	EndGlobalSection
	GlobalSection(ProjectConfigurationPlatforms) = postSolution
		{36C4A19C-8CD3-4455-A2CA-011FF559D195}.Debug|Any CPU.ActiveCfg = Debug|Any CPU
		{36C4A19C-8CD3-4455-A2CA-011FF559D195}.Debug|Any CPU.Build.0 = Debug|Any CPU
		{36C4A19C-8CD3-4455-A2CA-011FF559D195}.Release|Any CPU.ActiveCfg = Release|Any CPU
		{36C4A19C-8CD3-4455-A2CA-011FF559D195}.Release|Any CPU.Build.0 = Release|Any CPU
		{8B589B89-3985-4E77-B05E-6B5173CC8554}.Debug|Any CPU.ActiveCfg = Debug|Any CPU
		{8B589B89-3985-4E77-B05E-6B5173CC8554}.Debug|Any CPU.Build.0 = Debug|Any CPU
		{8B589B89-3985-4E77-B05E-6B5173CC8554}.Release|Any CPU.ActiveCfg = Release|Any CPU
		{8B589B89-3985-4E77-B05E-6B5173CC8554}.Release|Any CPU.Build.0 = Release|Any CPU
	EndGlobalSection
	GlobalSection(SolutionProperties) = preSolution
		HideSolutionNode = FALSE
	EndGlobalSection
	GlobalSection(ExtensibilityGlobals) = postSolution
		SolutionGuid = {F3A3754F-5FBC-49AF-ADA2-2A3B0CB8F830}
	EndGlobalSection
EndGlobal
